lockVersion: 2.0.0
id: e543488a-81b3-4702-862f-2a1cfea780cc
management:
  docChecksum: f7b43ac674bea49b7ce5d016589e3e5b
  docVersion: 0.0.4
  speakeasyVersion: 1.455.6
  generationVersion: 2.479.7
  releaseVersion: 0.1.0-post0
  configChecksum: 083bdb03619e296ce1850927beaf1a9c
  repoURL: https://github.com/circlemind-ai/circlemind-sdk.git
  installationURL: https://github.com/circlemind-ai/circlemind-sdk.git
  published: true
features:
  python:
    additionalDependencies: 1.0.0
    core: 5.7.3
    defaultEnabledRetries: 0.2.0
    devContainers: 3.0.0
    envVarSecurityUsage: 0.3.2
    flattening: 3.1.0
    globalSecurity: 3.0.2
    globalSecurityCallbacks: 1.0.0
    globalSecurityFlattening: 1.0.0
    globalServerURLs: 3.0.0
    methodArguments: 1.0.2
    multipartFileContentType: 1.0.0
    nameOverrides: 3.0.0
    nullables: 1.0.0
    responseFormat: 1.0.1
    retries: 3.0.2
    sdkHooks: 1.0.0
    unions: 3.0.4
    uploadStreams: 1.0.0
generatedFiles:
  - .devcontainer/README.md
  - .devcontainer/devcontainer.json
  - .devcontainer/setup.sh
  - .gitattributes
  - .python-version
  - .vscode/settings.json
  - USAGE.md
  - docs/models/bodypostinsertfilesgraphgraphnamefilespost.md
  - docs/models/configurerequest.md
  - docs/models/configureresponse.md
  - docs/models/creategraphgraphgraphnamepostrequest.md
  - docs/models/deletegraphgraphgraphnamedeletepostrequest.md
  - docs/models/downloadgraphresponse.md
  - docs/models/files.md
  - docs/models/getgraphconfigurationgraphgraphnameconfigurationgetrequest.md
  - docs/models/getgraphmlgraphgraphnamegraphmlgetrequest.md
  - docs/models/getinsertstatusgraphgraphnameinsertrequestidgetrequest.md
  - docs/models/getquerystatusgraphgraphnamequeryrequestidgetrequest.md
  - docs/models/graphlistresponse.md
  - docs/models/httpvalidationerror.md
  - docs/models/insertrequest.md
  - docs/models/insertresponse.md
  - docs/models/loc.md
  - docs/models/planresponse.md
  - docs/models/postgraphconfigurationgraphgraphnameconfigurationpostrequest.md
  - docs/models/postinsertfilesgraphgraphnamefilespostrequest.md
  - docs/models/postinsertgraphgraphnameinsertpostrequest.md
  - docs/models/postquerygraphgraphnamequerypostrequest.md
  - docs/models/queryrequest.md
  - docs/models/queryresponse.md
  - docs/models/requeststatus.md
  - docs/models/security.md
  - docs/models/utils/retryconfig.md
  - docs/models/validationerror.md
  - docs/sdks/circlemindsdk/README.md
  - poetry.toml
  - py.typed
  - pylintrc
  - pyproject.toml
  - scripts/prepare-readme.py
  - scripts/publish.sh
  - src/circlemind_sdk/__init__.py
  - src/circlemind_sdk/_hooks/__init__.py
  - src/circlemind_sdk/_hooks/sdkhooks.py
  - src/circlemind_sdk/_hooks/types.py
  - src/circlemind_sdk/_version.py
  - src/circlemind_sdk/basesdk.py
  - src/circlemind_sdk/httpclient.py
  - src/circlemind_sdk/models/__init__.py
  - src/circlemind_sdk/models/body_post_insert_files_graph_graph_name_files_post.py
  - src/circlemind_sdk/models/configurerequest.py
  - src/circlemind_sdk/models/configureresponse.py
  - src/circlemind_sdk/models/create_graph_graph_graph_name_postop.py
  - src/circlemind_sdk/models/delete_graph_graph_graph_name_delete_postop.py
  - src/circlemind_sdk/models/downloadgraphresponse.py
  - src/circlemind_sdk/models/get_graph_configuration_graph_graph_name_configuration_getop.py
  - src/circlemind_sdk/models/get_graphml_graph_graph_name_graphml_getop.py
  - src/circlemind_sdk/models/get_insert_status_graph_graph_name_insert_request_id_getop.py
  - src/circlemind_sdk/models/get_query_status_graph_graph_name_query_request_id_getop.py
  - src/circlemind_sdk/models/graphlistresponse.py
  - src/circlemind_sdk/models/httpvalidationerror.py
  - src/circlemind_sdk/models/insertrequest.py
  - src/circlemind_sdk/models/insertresponse.py
  - src/circlemind_sdk/models/planresponse.py
  - src/circlemind_sdk/models/post_graph_configuration_graph_graph_name_configuration_postop.py
  - src/circlemind_sdk/models/post_insert_files_graph_graph_name_files_postop.py
  - src/circlemind_sdk/models/post_insert_graph_graph_name_insert_postop.py
  - src/circlemind_sdk/models/post_query_graph_graph_name_query_postop.py
  - src/circlemind_sdk/models/queryrequest.py
  - src/circlemind_sdk/models/queryresponse.py
  - src/circlemind_sdk/models/requeststatus.py
  - src/circlemind_sdk/models/sdkerror.py
  - src/circlemind_sdk/models/security.py
  - src/circlemind_sdk/models/validationerror.py
  - src/circlemind_sdk/py.typed
  - src/circlemind_sdk/sdk.py
  - src/circlemind_sdk/sdkconfiguration.py
  - src/circlemind_sdk/types/__init__.py
  - src/circlemind_sdk/types/basemodel.py
  - src/circlemind_sdk/utils/__init__.py
  - src/circlemind_sdk/utils/annotations.py
  - src/circlemind_sdk/utils/enums.py
  - src/circlemind_sdk/utils/eventstreaming.py
  - src/circlemind_sdk/utils/forms.py
  - src/circlemind_sdk/utils/headers.py
  - src/circlemind_sdk/utils/logger.py
  - src/circlemind_sdk/utils/metadata.py
  - src/circlemind_sdk/utils/queryparams.py
  - src/circlemind_sdk/utils/requestbodies.py
  - src/circlemind_sdk/utils/retries.py
  - src/circlemind_sdk/utils/security.py
  - src/circlemind_sdk/utils/serializers.py
  - src/circlemind_sdk/utils/url.py
  - src/circlemind_sdk/utils/values.py
examples:
  get_graph_configuration_graph__graph_id__configuration_get:
    speakeasy-default-get-graph-configuration-graph-graph-id-configuration-get:
      parameters:
        path:
          graph_id: "<id>"
      responses:
        "200":
          application/json: {"domain": "rare-fog.net", "exampleQueries": "<value>", "entityTypes": ["<value>", "<value>", "<value>"]}
        "422": {}
  post_graph_configuration_graph__graph_id__configuration_post:
    speakeasy-default-post-graph-configuration-graph-graph-id-configuration-post:
      parameters:
        path:
          graph_id: "<id>"
      requestBody:
        application/json: {"domain": "ambitious-ceramics.com", "exampleQueries": "<value>", "entityTypes": ["<value>", "<value>", "<value>"]}
      responses:
        "200":
          application/json: {"domain": "lost-cinder.biz", "exampleQueries": "<value>", "entityTypes": ["<value>"]}
        "422": {}
  get_graph_list_graph_get:
    speakeasy-default-get-graph-list-graph-get:
      responses:
        "200":
          application/json: {"graphs": ["<value>", "<value>", "<value>"]}
        "422": {}
  create_graph_graph__graph_id__post:
    speakeasy-default-create-graph-graph-graph-id-post:
      parameters:
        path:
          graph_id: "<id>"
      requestBody:
        application/json: {"domain": "liquid-godfather.org", "exampleQueries": "<value>", "entityTypes": ["<value>", "<value>", "<value>"]}
      responses:
        "200":
          application/json: "<value>"
        "422": {}
  post_reasoning_graph__graph_id__reasoning_post:
    speakeasy-default-post-reasoning-graph-graph-id-reasoning-post:
      parameters:
        path:
          graph_id: "<id>"
      requestBody:
        application/json: {"query": "<value>"}
      responses:
        "200":
          application/json: {"requestId": "<id>", "requestTime": 764604}
        "422": {}
  get_reasoning_handler_graph__graph_id__reasoning__request_id__get:
    speakeasy-default-get-reasoning-handler-graph-graph-id-reasoning-request-id-get:
      parameters:
        path:
          graph_id: "<id>"
          request_id: "<id>"
        query:
          requestTime: 982149
      responses:
        "200":
          application/json: {"status": "<value>", "memories": "<value>", "context": "<value>"}
        "422": {}
  post_memory_graph__graph_id__memory_post:
    speakeasy-default-post-memory-graph-graph-id-memory-post:
      parameters:
        path:
          graph_id: "<id>"
      requestBody:
        application/json: {"memory": "<value>"}
      responses:
        "200":
          application/json: {"memoryId": "<id>", "requestId": "<id>"}
        "422": {}
  get_graph_configuration_graph__graph_name__configuration_get:
    speakeasy-default-get-graph-configuration-graph-graph-name-configuration-get:
      parameters:
        path:
          graph_name: "<value>"
      responses:
        "200":
          application/json: {"domain": "unsung-muscat.info", "exampleQueries": "<value>", "entityTypes": ["<value>", "<value>"]}
        "422": {}
  post_graph_configuration_graph__graph_name__configuration_post:
    speakeasy-default-post-graph-configuration-graph-graph-name-configuration-post:
      parameters:
        path:
          graph_name: "<value>"
      requestBody:
        application/json: {"domain": "agitated-cod.name", "exampleQueries": "<value>", "entityTypes": ["<value>"]}
      responses:
        "200":
          application/json: {"domain": "ideal-hunger.info", "exampleQueries": "<value>", "entityTypes": ["<value>", "<value>"]}
        "422": {}
  create_graph_graph__graph_name__post:
    speakeasy-default-create-graph-graph-graph-name-post:
      parameters:
        path:
          graph_name: "<value>"
      requestBody:
        application/json: {"domain": "liquid-godfather.org", "exampleQueries": "<value>", "entityTypes": ["<value>", "<value>", "<value>"]}
      responses:
        "200":
          application/json: {"domain": "liquid-godfather.org", "exampleQueries": "<value>", "entityTypes": ["<value>", "<value>", "<value>"]}
        "422": {}
  post_query_graph__graph_name__query_post:
    speakeasy-default-post-query-graph-graph-name-query-post:
      parameters:
        path:
          graph_name: "<value>"
      requestBody:
        application/json: {"query": "<value>"}
      responses:
        "200":
          application/json: {"requestId": "<id>", "requestTime": 478232}
        "422": {}
  get_query_handler_graph__graph_name__query__request_id__get:
    speakeasy-default-get-query-handler-graph-graph-name-query-request-id-get:
      parameters:
        path:
          graph_name: "<value>"
          request_id: "<id>"
        query:
          requestTime: 362783
      responses:
        "200":
          application/json: {"status": "<value>", "answer": "<value>", "context": "<value>"}
        "422": {}
  post_insert_graph__graph_name__insert_post:
    speakeasy-default-post-insert-graph-graph-name-insert-post:
      parameters:
        path:
          graph_name: "<value>"
      requestBody:
        application/json: {"memory": "<value>"}
      responses:
        "200":
          application/json: {"requestId": "<id>", "requestTime": "<value>", "memoryId": "<id>"}
        "422": {}
  add_files_graph__graph_name__files_post:
    speakeasy-default-add-files-graph-graph-name-files-post:
      parameters:
        path:
          graph_name: "<value>"
      requestBody:
        multipart/form-data: {"files": [{}]}
      responses:
        "200":
          application/json: "<value>"
        "422": {}
  get_insert_handler_graph__graph_name__insert__request_id__get:
    speakeasy-default-get-insert-handler-graph-graph-name-insert-request-id-get:
      parameters:
        path:
          graph_name: "<value>"
          request_id: "<id>"
        query:
          requestTime: 895985
      responses:
        "200":
          application/json: {"status": "<value>", "answer": "<value>", "context": "<value>"}
        "422": {}
  get_user_plan_plan_get:
    speakeasy-default-get-user-plan-plan-get:
      responses:
        "200":
          application/json: {"requestsCount": "9154.04", "requestsMax": 971845, "planId": "<id>", "planTTL": 567555}
  delete_graph_graph__graph_name__delete_post:
    speakeasy-default-delete-graph-graph-graph-name-delete-post:
      parameters:
        path:
          graph_name: "<value>"
      responses:
        "200":
          application/json: "<value>"
        "422": {}
  get_graphml_graph__graph_name__graphml_get:
    speakeasy-default-get-graphml-graph-graph-name-graphml-get:
      parameters:
        path:
          graph_name: "<value>"
      responses:
        "200":
          application/json: {"presignedUrl": "https://amazing-understanding.org/"}
        "422": {}
  get_query_status_graph__graph_name__query__request_id__get:
    speakeasy-default-get-query-status-graph-graph-name-query-request-id-get:
      parameters:
        path:
          graph_name: "<value>"
          request_id: "<id>"
        query:
          requestTime: 816039
      responses:
        "200":
          application/json: {"status": "<value>", "answer": "<value>", "context": "<value>"}
        "422": {}
  post_insert_files_graph__graph_name__files_post:
    speakeasy-default-post-insert-files-graph-graph-name-files-post:
      parameters:
        path:
          graph_name: "<value>"
      requestBody:
        multipart/form-data: {"files": [{}, {}]}
      responses:
        "200":
          application/json: {"requestId": "<id>", "requestTime": 296236, "memoryId": "<id>"}
        "422": {}
  get_insert_status_graph__graph_name__insert__request_id__get:
    speakeasy-default-get-insert-status-graph-graph-name-insert-request-id-get:
      parameters:
        path:
          graph_name: "<value>"
          request_id: "<id>"
        query:
          requestTime: 877284
      responses:
        "200":
          application/json: {"status": "<value>", "answer": "<value>", "context": "<value>"}
        "422": {}
generatedTests: {}
