speakeasyVersion: 1.419.2
sources: {}
targets:
    circlemind:
        source: -OAS
workflow:
    workflowVersion: 1.0.0
    sources:
        -OAS:
            inputs:
                - location: ../sdk/openapi.json
            registry:
                location: registry.speakeasyapi.dev/circlemind/circlemind/-oas
    targets:
        circlemind:
            target: python
            source: -OAS
