speakeasyVersion: 1.441.0
sources:
    CirclemindSDK-OAS:
        sourceNamespace: circlemind-sdk-oas
        sourceRevisionDigest: sha256:923be31e0c441aa56b52078d053d818741d896d270cd722de171206549844efa
        sourceBlobDigest: sha256:bc632a8eddce0a78d4f3f4e0b623c64c58f0a7d8271b4919de69bb918ac792cc
        tags:
            - latest
            - speakeasy-sdk-regen-1732059741
targets:
    circlemind-sdk:
        source: CirclemindSDK-OAS
        sourceNamespace: circlemind-sdk-oas
        sourceRevisionDigest: sha256:923be31e0c441aa56b52078d053d818741d896d270cd722de171206549844efa
        sourceBlobDigest: sha256:bc632a8eddce0a78d4f3f4e0b623c64c58f0a7d8271b4919de69bb918ac792cc
        codeSamplesNamespace: circlemind-sdk-oas-code-samples
        codeSamplesRevisionDigest: sha256:f2c67827b1da134c8646849a7f04c892367d18f71fcd6ee9fbcd2b260f26a6f1
workflow:
    workflowVersion: 1.0.0
    speakeasyVersion: latest
    sources:
        CirclemindSDK-OAS:
            inputs:
                - location: ./sdk/openapi.json
            registry:
                location: registry.speakeasyapi.dev/circlemind/circlemind/circlemind-sdk-oas
    targets:
        circlemind-sdk:
            target: python
            source: CirclemindSDK-OAS
            publish:
                pypi:
                    token: $pypi_token
            codeSamples:
                registry:
                    location: registry.speakeasyapi.dev/circlemind/circlemind/circlemind-sdk-oas-code-samples
                blocking: false
