speakeasyVersion: 1.419.2
sources:
    CirclemindSDK-OAS:
        sourceNamespace: circlemind-sdk-oas
        sourceRevisionDigest: sha256:fe63ffc1b8e87e824480573cf56a5b08f430e76af1f05af8ad2992b78cc683c9
        sourceBlobDigest: sha256:e8d5a6e7f234eb8650384f00d1b18aa7a02af18b48e620087d1cb4210ab45ecc
        tags:
            - latest
targets:
    circlemind-sdk:
        source: CirclemindSDK-OAS
        sourceNamespace: circlemind-sdk-oas
        sourceRevisionDigest: sha256:fe63ffc1b8e87e824480573cf56a5b08f430e76af1f05af8ad2992b78cc683c9
        sourceBlobDigest: sha256:e8d5a6e7f234eb8650384f00d1b18aa7a02af18b48e620087d1cb4210ab45ecc
workflow:
    workflowVersion: 1.0.0
    speakeasyVersion: latest
    sources:
        CirclemindSDK-OAS:
            inputs:
                - location: ../sdk/openapi.json
            registry:
                location: registry.speakeasyapi.dev/circlemind/circlemind/circlemind-sdk-oas
    targets:
        circlemind-sdk:
            target: python
            source: CirclemindSDK-OAS
            publish:
                pypi:
                    token: $pypi_token
